
Microsoft Visual Studio Solution File, Format Version 12.00
# Visual Studio Version 16
VisualStudioVersion = 16.0.30002.166
MinimumVisualStudioVersion = 10.0.40219.1
Project("{9A19103F-16F7-4668-BE54-9A1E7A4F7556}") = "PluralHome.Common", "PluralHome.Common\PluralHome.Common.csproj", "{5735F27E-1B0D-44C7-A933-D1E4E99C30A1}"
EndProject
Project("{9A19103F-16F7-4668-BE54-9A1E7A4F7556}") = "PluralHome.web", "PluralHome.web\PluralHome.web.csproj", "{17035DA3-4791-4D74-8008-6B44D01DD2EA}"
EndProject
Project("{2150E333-8FDC-42A3-9474-1A3956D46DE8}") = "Solution Items", "Solution Items", "{CBA5D5FF-5C37-4A1E-A520-723041471D99}"
	ProjectSection(SolutionItems) = preProject
		.editorconfig = .editorconfig
	EndProjectSection
EndProject
Global
	GlobalSection(SolutionConfigurationPlatforms) = preSolution
		Debug|Any CPU = Debug|Any CPU
		Release|Any CPU = Release|Any CPU
	EndGlobalSection
	GlobalSection(ProjectConfigurationPlatforms) = postSolution
		{5735F27E-1B0D-44C7-A933-D1E4E99C30A1}.Debug|Any CPU.ActiveCfg = Debug|Any CPU
		{5735F27E-1B0D-44C7-A933-D1E4E99C30A1}.Debug|Any CPU.Build.0 = Debug|Any CPU
		{5735F27E-1B0D-44C7-A933-D1E4E99C30A1}.Release|Any CPU.ActiveCfg = Release|Any CPU
		{5735F27E-1B0D-44C7-A933-D1E4E99C30A1}.Release|Any CPU.Build.0 = Release|Any CPU
		{17035DA3-4791-4D74-8008-6B44D01DD2EA}.Debug|Any CPU.ActiveCfg = Debug|Any CPU
		{17035DA3-4791-4D74-8008-6B44D01DD2EA}.Debug|Any CPU.Build.0 = Debug|Any CPU
		{17035DA3-4791-4D74-8008-6B44D01DD2EA}.Release|Any CPU.ActiveCfg = Release|Any CPU
		{17035DA3-4791-4D74-8008-6B44D01DD2EA}.Release|Any CPU.Build.0 = Release|Any CPU
	EndGlobalSection
	GlobalSection(SolutionProperties) = preSolution
		HideSolutionNode = FALSE
	EndGlobalSection
	GlobalSection(ExtensibilityGlobals) = postSolution
		SolutionGuid = {9B86DFC5-F1CF-4DAC-9785-00B01ED659C3}
	EndGlobalSection
EndGlobal
